
Microsoft Visual Studio Solution File, Format Version 12.00
# Visual Studio Version 16
VisualStudioVersion = 16.0.29503.13
MinimumVisualStudioVersion = 10.0.40219.1
Project("{2150E333-8FDC-42A3-9474-1A3956D46DE8}") = "Documents", "Documents", "{BC56EA6C-A4DB-4A26-8441-FCB25ED82DF0}"
	ProjectSection(SolutionItems) = preProject
		Documents\About the Solution.txt = Documents\About the Solution.txt
		Documents\Database Connection Issues.txt = Documents\Database Connection Issues.txt
		Documents\How to run reactjs test.txt = Documents\How to run reactjs test.txt
		Documents\Issues debugging React.txt = Documents\Issues debugging React.txt
		Documents\Technology Used.txt = Documents\Technology Used.txt
		Documents\Three Diff Types of Applications.txt = Documents\Three Diff Types of Applications.txt
	EndProjectSection
EndProject
Project("{9A19103F-16F7-4668-BE54-9A1E7A4F7556}") = "TechSolutionsLibs", "Tech Solutions DotNet Library\TechSolutionsLibs.csproj", "{73223E3E-CB35-41B3-91CE-FFFA64EAA379}"
EndProject
Project("{9A19103F-16F7-4668-BE54-9A1E7A4F7556}") = "Angular-Web-Application", "Angular Web Application\Angular-Web-Application.csproj", "{7BCD2087-E69B-48FF-8428-7311DCC8A9C0}"
EndProject
Project("{9A19103F-16F7-4668-BE54-9A1E7A4F7556}") = "XUnit-Test", "xUnit Test\XUnit-Test.csproj", "{0A869C74-7F50-492F-B7A3-35EDABE37D72}"
EndProject
Global
	GlobalSection(SolutionConfigurationPlatforms) = preSolution
		Debug|Any CPU = Debug|Any CPU
		Release|Any CPU = Release|Any CPU
	EndGlobalSection
	GlobalSection(ProjectConfigurationPlatforms) = postSolution
		{73223E3E-CB35-41B3-91CE-FFFA64EAA379}.Debug|Any CPU.ActiveCfg = Debug|Any CPU
		{73223E3E-CB35-41B3-91CE-FFFA64EAA379}.Debug|Any CPU.Build.0 = Debug|Any CPU
		{73223E3E-CB35-41B3-91CE-FFFA64EAA379}.Release|Any CPU.ActiveCfg = Release|Any CPU
		{73223E3E-CB35-41B3-91CE-FFFA64EAA379}.Release|Any CPU.Build.0 = Release|Any CPU
		{7BCD2087-E69B-48FF-8428-7311DCC8A9C0}.Debug|Any CPU.ActiveCfg = Debug|Any CPU
		{7BCD2087-E69B-48FF-8428-7311DCC8A9C0}.Debug|Any CPU.Build.0 = Debug|Any CPU
		{7BCD2087-E69B-48FF-8428-7311DCC8A9C0}.Release|Any CPU.ActiveCfg = Release|Any CPU
		{7BCD2087-E69B-48FF-8428-7311DCC8A9C0}.Release|Any CPU.Build.0 = Release|Any CPU
		{0A869C74-7F50-492F-B7A3-35EDABE37D72}.Debug|Any CPU.ActiveCfg = Debug|Any CPU
		{0A869C74-7F50-492F-B7A3-35EDABE37D72}.Debug|Any CPU.Build.0 = Debug|Any CPU
		{0A869C74-7F50-492F-B7A3-35EDABE37D72}.Release|Any CPU.ActiveCfg = Release|Any CPU
		{0A869C74-7F50-492F-B7A3-35EDABE37D72}.Release|Any CPU.Build.0 = Release|Any CPU
	EndGlobalSection
	GlobalSection(SolutionProperties) = preSolution
		HideSolutionNode = FALSE
	EndGlobalSection
	GlobalSection(ExtensibilityGlobals) = postSolution
		SolutionGuid = {163BA526-30F2-4C3C-863B-A23E33CAC592}
	EndGlobalSection
EndGlobal
